
Microsoft Visual Studio Solution File, Format Version 12.00
# Visual Studio Version 17
VisualStudioVersion = 17.0.31903.59
MinimumVisualStudioVersion = 10.0.40219.1
Project("{2150E333-8FDC-42A3-9474-1A3956D46DE8}") = "src", "src", "{88BCD707-E25E-445B-90F1-B45BC74C493C}"
EndProject
Project("{FAE04EC0-301F-11D3-BF4B-00C04F79EFBC}") = "Edelweiss.AuctionService", "src\Edelweiss.AuctionService\Edelweiss.AuctionService.csproj", "{705B5A8B-90CA-4BDA-90D1-E6E58CD17054}"
EndProject
Project("{FAE04EC0-301F-11D3-BF4B-00C04F79EFBC}") = "Edelweiss.Common", "src\Edelweiss.Common\Edelweiss.Common.csproj", "{D8817A9F-0C40-48A1-8E25-79DBCDA8786A}"
EndProject
Global
	GlobalSection(SolutionConfigurationPlatforms) = preSolution
		Debug|Any CPU = Debug|Any CPU
		Release|Any CPU = Release|Any CPU
	EndGlobalSection
	GlobalSection(SolutionProperties) = preSolution
		HideSolutionNode = FALSE
	EndGlobalSection
	GlobalSection(ProjectConfigurationPlatforms) = postSolution
		{705B5A8B-90CA-4BDA-90D1-E6E58CD17054}.Debug|Any CPU.ActiveCfg = Debug|Any CPU
		{705B5A8B-90CA-4BDA-90D1-E6E58CD17054}.Debug|Any CPU.Build.0 = Debug|Any CPU
		{705B5A8B-90CA-4BDA-90D1-E6E58CD17054}.Release|Any CPU.ActiveCfg = Release|Any CPU
		{705B5A8B-90CA-4BDA-90D1-E6E58CD17054}.Release|Any CPU.Build.0 = Release|Any CPU
		{D8817A9F-0C40-48A1-8E25-79DBCDA8786A}.Debug|Any CPU.ActiveCfg = Debug|Any CPU
		{D8817A9F-0C40-48A1-8E25-79DBCDA8786A}.Debug|Any CPU.Build.0 = Debug|Any CPU
		{D8817A9F-0C40-48A1-8E25-79DBCDA8786A}.Release|Any CPU.ActiveCfg = Release|Any CPU
		{D8817A9F-0C40-48A1-8E25-79DBCDA8786A}.Release|Any CPU.Build.0 = Release|Any CPU
	EndGlobalSection
	GlobalSection(NestedProjects) = preSolution
		{705B5A8B-90CA-4BDA-90D1-E6E58CD17054} = {88BCD707-E25E-445B-90F1-B45BC74C493C}
		{D8817A9F-0C40-48A1-8E25-79DBCDA8786A} = {88BCD707-E25E-445B-90F1-B45BC74C493C}
	EndGlobalSection
EndGlobal
